
Microsoft Visual Studio Solution File, Format Version 12.00
# Visual Studio 14
VisualStudioVersion = 14.0.25420.1
MinimumVisualStudioVersion = 10.0.40219.1
Project("{8BC9CEB8-8B4A-11D0-8D11-00A0C91BC942}") = "LogWithDlls", "LogWithDlls\LogWithDlls.vcxproj", "{34C45580-AC7B-439D-91CA-9CCD2C26B97B}"
EndProject
Project("{8BC9CEB8-8B4A-11D0-8D11-00A0C91BC942}") = "DllStatic", "DllStatic\DllStatic.vcxproj", "{40AED7B3-69B3-41F8-86D7-276F2D24FFB9}"
EndProject
Project("{8BC9CEB8-8B4A-11D0-8D11-00A0C91BC942}") = "DllDynamic", "DllDynamic\DllDynamic.vcxproj", "{917C6619-88B8-40B5-B0AB-3E8BA5A9C515}"
EndProject
Project("{8BC9CEB8-8B4A-11D0-8D11-00A0C91BC942}") = "SingletonLog", "SingletonLog\SingletonLog.vcxproj", "{1C0031F9-9BE3-47C5-AF42-E746607DACBC}"
EndProject
Global
	GlobalSection(SolutionConfigurationPlatforms) = preSolution
		Debug|x64 = Debug|x64
		Debug|x86 = Debug|x86
		Release|x64 = Release|x64
		Release|x86 = Release|x86
	EndGlobalSection
	GlobalSection(ProjectConfigurationPlatforms) = postSolution
		{34C45580-AC7B-439D-91CA-9CCD2C26B97B}.Debug|x64.ActiveCfg = Debug|x64
		{34C45580-AC7B-439D-91CA-9CCD2C26B97B}.Debug|x64.Build.0 = Debug|x64
		{34C45580-AC7B-439D-91CA-9CCD2C26B97B}.Debug|x86.ActiveCfg = Debug|Win32
		{34C45580-AC7B-439D-91CA-9CCD2C26B97B}.Debug|x86.Build.0 = Debug|Win32
		{34C45580-AC7B-439D-91CA-9CCD2C26B97B}.Release|x64.ActiveCfg = Release|x64
		{34C45580-AC7B-439D-91CA-9CCD2C26B97B}.Release|x64.Build.0 = Release|x64
		{34C45580-AC7B-439D-91CA-9CCD2C26B97B}.Release|x86.ActiveCfg = Release|Win32
		{34C45580-AC7B-439D-91CA-9CCD2C26B97B}.Release|x86.Build.0 = Release|Win32
		{40AED7B3-69B3-41F8-86D7-276F2D24FFB9}.Debug|x64.ActiveCfg = Debug|x64
		{40AED7B3-69B3-41F8-86D7-276F2D24FFB9}.Debug|x64.Build.0 = Debug|x64
		{40AED7B3-69B3-41F8-86D7-276F2D24FFB9}.Debug|x86.ActiveCfg = Debug|Win32
		{40AED7B3-69B3-41F8-86D7-276F2D24FFB9}.Debug|x86.Build.0 = Debug|Win32
		{40AED7B3-69B3-41F8-86D7-276F2D24FFB9}.Release|x64.ActiveCfg = Release|x64
		{40AED7B3-69B3-41F8-86D7-276F2D24FFB9}.Release|x64.Build.0 = Release|x64
		{40AED7B3-69B3-41F8-86D7-276F2D24FFB9}.Release|x86.ActiveCfg = Release|Win32
		{40AED7B3-69B3-41F8-86D7-276F2D24FFB9}.Release|x86.Build.0 = Release|Win32
		{917C6619-88B8-40B5-B0AB-3E8BA5A9C515}.Debug|x64.ActiveCfg = Debug|x64
		{917C6619-88B8-40B5-B0AB-3E8BA5A9C515}.Debug|x64.Build.0 = Debug|x64
		{917C6619-88B8-40B5-B0AB-3E8BA5A9C515}.Debug|x86.ActiveCfg = Debug|Win32
		{917C6619-88B8-40B5-B0AB-3E8BA5A9C515}.Debug|x86.Build.0 = Debug|Win32
		{917C6619-88B8-40B5-B0AB-3E8BA5A9C515}.Release|x64.ActiveCfg = Release|x64
		{917C6619-88B8-40B5-B0AB-3E8BA5A9C515}.Release|x64.Build.0 = Release|x64
		{917C6619-88B8-40B5-B0AB-3E8BA5A9C515}.Release|x86.ActiveCfg = Release|Win32
		{917C6619-88B8-40B5-B0AB-3E8BA5A9C515}.Release|x86.Build.0 = Release|Win32
		{1C0031F9-9BE3-47C5-AF42-E746607DACBC}.Debug|x64.ActiveCfg = Debug|x64
		{1C0031F9-9BE3-47C5-AF42-E746607DACBC}.Debug|x64.Build.0 = Debug|x64
		{1C0031F9-9BE3-47C5-AF42-E746607DACBC}.Debug|x86.ActiveCfg = Debug|Win32
		{1C0031F9-9BE3-47C5-AF42-E746607DACBC}.Debug|x86.Build.0 = Debug|Win32
		{1C0031F9-9BE3-47C5-AF42-E746607DACBC}.Release|x64.ActiveCfg = Release|x64
		{1C0031F9-9BE3-47C5-AF42-E746607DACBC}.Release|x64.Build.0 = Release|x64
		{1C0031F9-9BE3-47C5-AF42-E746607DACBC}.Release|x86.ActiveCfg = Release|Win32
		{1C0031F9-9BE3-47C5-AF42-E746607DACBC}.Release|x86.Build.0 = Release|Win32
	EndGlobalSection
	GlobalSection(SolutionProperties) = preSolution
		HideSolutionNode = FALSE
	EndGlobalSection
EndGlobal
